{
  "version": 4,
  "terraform_version": "1.13.3",
  "serial": 52,
  "lineage": "e4a6b254-b104-3364-90c7-29d11dfaa243",
  "outputs": {
    "vm0_public_ip": {
      "value": "20.228.104.102",
      "type": "string"
    }
  },
  "resources": [
    {
      "mode": "managed",
      "type": "azurerm_network_interface",
      "name": "nic0",
      "provider": "provider[\"registry.terraform.io/hashicorp/azurerm\"]",
      "instances": [
        {
          "schema_version": 0,
          "attributes": {
            "accelerated_networking_enabled": false,
            "applied_dns_servers": [],
            "auxiliary_mode": "",
            "auxiliary_sku": "",
            "dns_servers": [],
            "edge_zone": "",
            "enable_accelerated_networking": false,
            "enable_ip_forwarding": false,
            "id": "/subscriptions/76b69a8b-4e03-4cfd-8ee5-fcb614839f69/resourceGroups/az104-04-rg/providers/Microsoft.Network/networkInterfaces/az104-04-nic-0",
            "internal_dns_name_label": "",
            "internal_domain_name_suffix": "rf1brymapraefgrqfrnypmxpbb.dx.internal.cloudapp.net",
            "ip_configuration": [
              {
                "gateway_load_balancer_frontend_ip_configuration_id": "",
                "name": "internal",
                "primary": true,
                "private_ip_address": "10.40.0.4",
                "private_ip_address_allocation": "Dynamic",
                "private_ip_address_version": "IPv4",
                "public_ip_address_id": "/subscriptions/76b69a8b-4e03-4cfd-8ee5-fcb614839f69/resourceGroups/az104-04-rg/providers/Microsoft.Network/publicIPAddresses/az104-04-pip-0",
                "subnet_id": "/subscriptions/76b69a8b-4e03-4cfd-8ee5-fcb614839f69/resourceGroups/az104-04-rg/providers/Microsoft.Network/virtualNetworks/az104-04-vnet1/subnets/subnet-0"
              }
            ],
            "ip_forwarding_enabled": false,
            "location": "westus",
            "mac_address": "00-22-48-08-A7-29",
            "name": "az104-04-nic-0",
            "private_ip_address": "10.40.0.4",
            "private_ip_addresses": [
              "10.40.0.4"
            ],
            "resource_group_name": "az104-04-rg",
            "tags": {},
            "timeouts": null,
            "virtual_machine_id": "/subscriptions/76b69a8b-4e03-4cfd-8ee5-fcb614839f69/resourceGroups/az104-04-rg/providers/Microsoft.Compute/virtualMachines/az104-04-vm-0"
          },
          "sensitive_attributes": [],
          "identity_schema_version": 0,
          "private": "eyJlMmJmYjczMC1lY2FhLTExZTYtOGY4OC0zNDM2M2JjN2M0YzAiOnsiY3JlYXRlIjoxODAwMDAwMDAwMDAwLCJkZWxldGUiOjE4MDAwMDAwMDAwMDAsInJlYWQiOjMwMDAwMDAwMDAwMCwidXBkYXRlIjoxODAwMDAwMDAwMDAwfX0=",
          "dependencies": [
            "azurerm_public_ip.pip0",
            "azurerm_resource_group.lab_rg",
            "azurerm_subnet.subnet0",
            "azurerm_virtual_network.vnet"
          ]
        }
      ]
    },
    {
      "mode": "managed",
      "type": "azurerm_network_interface",
      "name": "nic1",
      "provider": "provider[\"registry.terraform.io/hashicorp/azurerm\"]",
      "instances": [
        {
          "schema_version": 0,
          "attributes": {
            "accelerated_networking_enabled": false,
            "applied_dns_servers": [],
            "auxiliary_mode": "",
            "auxiliary_sku": "",
            "dns_servers": [],
            "edge_zone": "",
            "enable_accelerated_networking": false,
            "enable_ip_forwarding": false,
            "id": "/subscriptions/76b69a8b-4e03-4cfd-8ee5-fcb614839f69/resourceGroups/az104-04-rg/providers/Microsoft.Network/networkInterfaces/az104-04-nic-1",
            "internal_dns_name_label": "",
            "internal_domain_name_suffix": "rf1brymapraefgrqfrnypmxpbb.dx.internal.cloudapp.net",
            "ip_configuration": [
              {
                "gateway_load_balancer_frontend_ip_configuration_id": "",
                "name": "internal",
                "primary": true,
                "private_ip_address": "10.40.1.4",
                "private_ip_address_allocation": "Static",
                "private_ip_address_version": "IPv4",
                "public_ip_address_id": "",
                "subnet_id": "/subscriptions/76b69a8b-4e03-4cfd-8ee5-fcb614839f69/resourceGroups/az104-04-rg/providers/Microsoft.Network/virtualNetworks/az104-04-vnet1/subnets/subnet-1"
              }
            ],
            "ip_forwarding_enabled": false,
            "location": "westus",
            "mac_address": "00-22-48-0B-77-89",
            "name": "az104-04-nic-1",
            "private_ip_address": "10.40.1.4",
            "private_ip_addresses": [
              "10.40.1.4"
            ],
            "resource_group_name": "az104-04-rg",
            "tags": {},
            "timeouts": null,
            "virtual_machine_id": "/subscriptions/76b69a8b-4e03-4cfd-8ee5-fcb614839f69/resourceGroups/az104-04-rg/providers/Microsoft.Compute/virtualMachines/az104-04-vm-1"
          },
          "sensitive_attributes": [],
          "identity_schema_version": 0,
          "private": "eyJlMmJmYjczMC1lY2FhLTExZTYtOGY4OC0zNDM2M2JjN2M0YzAiOnsiY3JlYXRlIjoxODAwMDAwMDAwMDAwLCJkZWxldGUiOjE4MDAwMDAwMDAwMDAsInJlYWQiOjMwMDAwMDAwMDAwMCwidXBkYXRlIjoxODAwMDAwMDAwMDAwfX0=",
          "dependencies": [
            "azurerm_resource_group.lab_rg",
            "azurerm_subnet.subnet1",
            "azurerm_virtual_network.vnet"
          ]
        }
      ]
    },
    {
      "mode": "managed",
      "type": "azurerm_network_security_group",
      "name": "nsg0",
      "provider": "provider[\"registry.terraform.io/hashicorp/azurerm\"]",
      "instances": [
        {
          "schema_version": 0,
          "attributes": {
            "id": "/subscriptions/76b69a8b-4e03-4cfd-8ee5-fcb614839f69/resourceGroups/az104-04-rg/providers/Microsoft.Network/networkSecurityGroups/az104-04-nsg-subnet-0",
            "location": "westus",
            "name": "az104-04-nsg-subnet-0",
            "resource_group_name": "az104-04-rg",
            "security_rule": [
              {
                "access": "Allow",
                "description": null,
                "destination_address_prefix": "*",
                "destination_address_prefixes": [],
                "destination_application_security_group_ids": [],
                "destination_port_range": "3389",
                "destination_port_ranges": [],
                "direction": "Inbound",
                "name": "AllowRDP",
                "priority": 1000,
                "protocol": "Tcp",
                "source_address_prefix": "*",
                "source_address_prefixes": [],
                "source_application_security_group_ids": [],
                "source_port_range": "*",
                "source_port_ranges": []
              }
            ],
            "tags": {},
            "timeouts": null
          },
          "sensitive_attributes": [],
          "identity_schema_version": 0,
          "private": "eyJlMmJmYjczMC1lY2FhLTExZTYtOGY4OC0zNDM2M2JjN2M0YzAiOnsiY3JlYXRlIjoxODAwMDAwMDAwMDAwLCJkZWxldGUiOjE4MDAwMDAwMDAwMDAsInJlYWQiOjMwMDAwMDAwMDAwMCwidXBkYXRlIjoxODAwMDAwMDAwMDAwfX0=",
          "dependencies": [
            "azurerm_resource_group.lab_rg"
          ]
        }
      ]
    },
    {
      "mode": "managed",
      "type": "azurerm_private_dns_zone",
      "name": "dns_zone",
      "provider": "provider[\"registry.terraform.io/hashicorp/azurerm\"]",
      "instances": [
        {
          "schema_version": 0,
          "attributes": {
            "id": "/subscriptions/76b69a8b-4e03-4cfd-8ee5-fcb614839f69/resourceGroups/az104-04-rg/providers/Microsoft.Network/privateDnsZones/contoso.com",
            "max_number_of_record_sets": 25000,
            "max_number_of_virtual_network_links": 1000,
            "max_number_of_virtual_network_links_with_registration": 100,
            "name": "contoso.com",
            "number_of_record_sets": 1,
            "resource_group_name": "az104-04-rg",
            "soa_record": [
              {
                "email": "azureprivatedns-host.microsoft.com",
                "expire_time": 2419200,
                "fqdn": "contoso.com.",
                "host_name": "azureprivatedns.net",
                "minimum_ttl": 10,
                "refresh_time": 3600,
                "retry_time": 300,
                "serial_number": 1,
                "tags": {},
                "ttl": 3600
              }
            ],
            "tags": null,
            "timeouts": null
          },
          "sensitive_attributes": [],
          "identity_schema_version": 0,
          "private": "eyJlMmJmYjczMC1lY2FhLTExZTYtOGY4OC0zNDM2M2JjN2M0YzAiOnsiY3JlYXRlIjoxODAwMDAwMDAwMDAwLCJkZWxldGUiOjE4MDAwMDAwMDAwMDAsInJlYWQiOjMwMDAwMDAwMDAwMCwidXBkYXRlIjoxODAwMDAwMDAwMDAwfX0=",
          "dependencies": [
            "azurerm_resource_group.lab_rg"
          ]
        }
      ]
    },
    {
      "mode": "managed",
      "type": "azurerm_private_dns_zone_virtual_network_link",
      "name": "dns_link",
      "provider": "provider[\"registry.terraform.io/hashicorp/azurerm\"]",
      "instances": [
        {
          "schema_version": 0,
          "attributes": {
            "id": "/subscriptions/76b69a8b-4e03-4cfd-8ee5-fcb614839f69/resourceGroups/az104-04-rg/providers/Microsoft.Network/privateDnsZones/contoso.com/virtualNetworkLinks/vnet-dns-link",
            "name": "vnet-dns-link",
            "private_dns_zone_name": "contoso.com",
            "registration_enabled": true,
            "resource_group_name": "az104-04-rg",
            "tags": null,
            "timeouts": null,
            "virtual_network_id": "/subscriptions/76b69a8b-4e03-4cfd-8ee5-fcb614839f69/resourceGroups/az104-04-rg/providers/Microsoft.Network/virtualNetworks/az104-04-vnet1"
          },
          "sensitive_attributes": [],
          "identity_schema_version": 0,
          "private": "eyJlMmJmYjczMC1lY2FhLTExZTYtOGY4OC0zNDM2M2JjN2M0YzAiOnsiY3JlYXRlIjoxODAwMDAwMDAwMDAwLCJkZWxldGUiOjE4MDAwMDAwMDAwMDAsInJlYWQiOjMwMDAwMDAwMDAwMCwidXBkYXRlIjoxODAwMDAwMDAwMDAwfX0=",
          "dependencies": [
            "azurerm_private_dns_zone.dns_zone",
            "azurerm_resource_group.lab_rg",
            "azurerm_virtual_network.vnet"
          ]
        }
      ]
    },
    {
      "mode": "managed",
      "type": "azurerm_public_ip",
      "name": "pip0",
      "provider": "provider[\"registry.terraform.io/hashicorp/azurerm\"]",
      "instances": [
        {
          "schema_version": 0,
          "attributes": {
            "allocation_method": "Static",
            "ddos_protection_mode": "VirtualNetworkInherited",
            "ddos_protection_plan_id": null,
            "domain_name_label": null,
            "edge_zone": "",
            "fqdn": null,
            "id": "/subscriptions/76b69a8b-4e03-4cfd-8ee5-fcb614839f69/resourceGroups/az104-04-rg/providers/Microsoft.Network/publicIPAddresses/az104-04-pip-0",
            "idle_timeout_in_minutes": 4,
            "ip_address": "20.228.104.102",
            "ip_tags": {},
            "ip_version": "IPv4",
            "location": "westus",
            "name": "az104-04-pip-0",
            "public_ip_prefix_id": null,
            "resource_group_name": "az104-04-rg",
            "reverse_fqdn": null,
            "sku": "Standard",
            "sku_tier": "Regional",
            "tags": {},
            "timeouts": null,
            "zones": []
          },
          "sensitive_attributes": [],
          "identity_schema_version": 0,
          "private": "eyJlMmJmYjczMC1lY2FhLTExZTYtOGY4OC0zNDM2M2JjN2M0YzAiOnsiY3JlYXRlIjoxODAwMDAwMDAwMDAwLCJkZWxldGUiOjE4MDAwMDAwMDAwMDAsInJlYWQiOjMwMDAwMDAwMDAwMCwidXBkYXRlIjoxODAwMDAwMDAwMDAwfX0=",
          "dependencies": [
            "azurerm_resource_group.lab_rg"
          ]
        }
      ]
    },
    {
      "mode": "managed",
      "type": "azurerm_resource_group",
      "name": "lab_rg",
      "provider": "provider[\"registry.terraform.io/hashicorp/azurerm\"]",
      "instances": [
        {
          "schema_version": 0,
          "attributes": {
            "id": "/subscriptions/76b69a8b-4e03-4cfd-8ee5-fcb614839f69/resourceGroups/az104-04-rg",
            "location": "westus",
            "managed_by": "",
            "name": "az104-04-rg",
            "tags": {},
            "timeouts": null
          },
          "sensitive_attributes": [],
          "identity_schema_version": 0,
          "private": "eyJlMmJmYjczMC1lY2FhLTExZTYtOGY4OC0zNDM2M2JjN2M0YzAiOnsiY3JlYXRlIjo1NDAwMDAwMDAwMDAwLCJkZWxldGUiOjU0MDAwMDAwMDAwMDAsInJlYWQiOjMwMDAwMDAwMDAwMCwidXBkYXRlIjo1NDAwMDAwMDAwMDAwfX0="
        }
      ]
    },
    {
      "mode": "managed",
      "type": "azurerm_subnet",
      "name": "subnet0",
      "provider": "provider[\"registry.terraform.io/hashicorp/azurerm\"]",
      "instances": [
        {
          "schema_version": 0,
          "attributes": {
            "address_prefixes": [
              "10.40.0.0/24"
            ],
            "default_outbound_access_enabled": true,
            "delegation": [],
            "enforce_private_link_endpoint_network_policies": false,
            "enforce_private_link_service_network_policies": false,
            "id": "/subscriptions/76b69a8b-4e03-4cfd-8ee5-fcb614839f69/resourceGroups/az104-04-rg/providers/Microsoft.Network/virtualNetworks/az104-04-vnet1/subnets/subnet-0",
            "name": "subnet-0",
            "private_endpoint_network_policies": "Enabled",
            "private_endpoint_network_policies_enabled": true,
            "private_link_service_network_policies_enabled": true,
            "resource_group_name": "az104-04-rg",
            "service_endpoint_policy_ids": [],
            "service_endpoints": [],
            "timeouts": null,
            "virtual_network_name": "az104-04-vnet1"
          },
          "sensitive_attributes": [],
          "identity_schema_version": 0,
          "private": "eyJlMmJmYjczMC1lY2FhLTExZTYtOGY4OC0zNDM2M2JjN2M0YzAiOnsiY3JlYXRlIjoxODAwMDAwMDAwMDAwLCJkZWxldGUiOjE4MDAwMDAwMDAwMDAsInJlYWQiOjMwMDAwMDAwMDAwMCwidXBkYXRlIjoxODAwMDAwMDAwMDAwfX0=",
          "dependencies": [
            "azurerm_resource_group.lab_rg",
            "azurerm_virtual_network.vnet"
          ]
        }
      ]
    },
    {
      "mode": "managed",
      "type": "azurerm_subnet",
      "name": "subnet1",
      "provider": "provider[\"registry.terraform.io/hashicorp/azurerm\"]",
      "instances": [
        {
          "schema_version": 0,
          "attributes": {
            "address_prefixes": [
              "10.40.1.0/24"
            ],
            "default_outbound_access_enabled": true,
            "delegation": [],
            "enforce_private_link_endpoint_network_policies": false,
            "enforce_private_link_service_network_policies": false,
            "id": "/subscriptions/76b69a8b-4e03-4cfd-8ee5-fcb614839f69/resourceGroups/az104-04-rg/providers/Microsoft.Network/virtualNetworks/az104-04-vnet1/subnets/subnet-1",
            "name": "subnet-1",
            "private_endpoint_network_policies": "Enabled",
            "private_endpoint_network_policies_enabled": true,
            "private_link_service_network_policies_enabled": true,
            "resource_group_name": "az104-04-rg",
            "service_endpoint_policy_ids": [],
            "service_endpoints": [],
            "timeouts": null,
            "virtual_network_name": "az104-04-vnet1"
          },
          "sensitive_attributes": [],
          "identity_schema_version": 0,
          "private": "eyJlMmJmYjczMC1lY2FhLTExZTYtOGY4OC0zNDM2M2JjN2M0YzAiOnsiY3JlYXRlIjoxODAwMDAwMDAwMDAwLCJkZWxldGUiOjE4MDAwMDAwMDAwMDAsInJlYWQiOjMwMDAwMDAwMDAwMCwidXBkYXRlIjoxODAwMDAwMDAwMDAwfX0=",
          "dependencies": [
            "azurerm_resource_group.lab_rg",
            "azurerm_virtual_network.vnet"
          ]
        }
      ]
    },
    {
      "mode": "managed",
      "type": "azurerm_subnet_network_security_group_association",
      "name": "nsg_assoc0",
      "provider": "provider[\"registry.terraform.io/hashicorp/azurerm\"]",
      "instances": [
        {
          "schema_version": 0,
          "attributes": {
            "id": "/subscriptions/76b69a8b-4e03-4cfd-8ee5-fcb614839f69/resourceGroups/az104-04-rg/providers/Microsoft.Network/virtualNetworks/az104-04-vnet1/subnets/subnet-0",
            "network_security_group_id": "/subscriptions/76b69a8b-4e03-4cfd-8ee5-fcb614839f69/resourceGroups/az104-04-rg/providers/Microsoft.Network/networkSecurityGroups/az104-04-nsg-subnet-0",
            "subnet_id": "/subscriptions/76b69a8b-4e03-4cfd-8ee5-fcb614839f69/resourceGroups/az104-04-rg/providers/Microsoft.Network/virtualNetworks/az104-04-vnet1/subnets/subnet-0",
            "timeouts": null
          },
          "sensitive_attributes": [],
          "identity_schema_version": 0,
          "private": "eyJlMmJmYjczMC1lY2FhLTExZTYtOGY4OC0zNDM2M2JjN2M0YzAiOnsiY3JlYXRlIjoxODAwMDAwMDAwMDAwLCJkZWxldGUiOjE4MDAwMDAwMDAwMDAsInJlYWQiOjMwMDAwMDAwMDAwMH19",
          "dependencies": [
            "azurerm_network_security_group.nsg0",
            "azurerm_resource_group.lab_rg",
            "azurerm_subnet.subnet0",
            "azurerm_virtual_network.vnet"
          ]
        }
      ]
    },
    {
      "mode": "managed",
      "type": "azurerm_virtual_machine",
      "name": "vm0",
      "provider": "provider[\"registry.terraform.io/hashicorp/azurerm\"]",
      "instances": [
        {
          "schema_version": 0,
          "attributes": {
            "additional_capabilities": [],
            "availability_set_id": null,
            "boot_diagnostics": [],
            "delete_data_disks_on_termination": false,
            "delete_os_disk_on_termination": false,
            "id": "/subscriptions/76b69a8b-4e03-4cfd-8ee5-fcb614839f69/resourceGroups/az104-04-rg/providers/Microsoft.Compute/virtualMachines/az104-04-vm-0",
            "identity": [],
            "license_type": null,
            "location": "westus",
            "name": "az104-04-vm-0",
            "network_interface_ids": [
              "/subscriptions/76b69a8b-4e03-4cfd-8ee5-fcb614839f69/resourceGroups/az104-04-rg/providers/Microsoft.Network/networkInterfaces/az104-04-nic-0"
            ],
            "os_profile": [
              {
                "admin_password": "",
                "admin_username": "TestAdmin",
                "computer_name": "vm0",
                "custom_data": ""
              }
            ],
            "os_profile_linux_config": [],
            "os_profile_secrets": [],
            "os_profile_windows_config": [
              {
                "additional_unattend_config": [],
                "enable_automatic_upgrades": false,
                "provision_vm_agent": true,
                "timezone": "",
                "winrm": []
              }
            ],
            "plan": [],
            "primary_network_interface_id": null,
            "proximity_placement_group_id": null,
            "resource_group_name": "az104-04-rg",
            "storage_data_disk": [],
            "storage_image_reference": [
              {
                "id": "",
                "offer": "WindowsServer",
                "publisher": "MicrosoftWindowsServer",
                "sku": "2019-Datacenter",
                "version": "latest"
              }
            ],
            "storage_os_disk": [
              {
                "caching": "ReadWrite",
                "create_option": "FromImage",
                "disk_size_gb": 127,
                "image_uri": "",
                "managed_disk_id": "/subscriptions/76b69a8b-4e03-4cfd-8ee5-fcb614839f69/resourceGroups/az104-04-rg/providers/Microsoft.Compute/disks/az104-04-vm-0-osdisk",
                "managed_disk_type": "Standard_LRS",
                "name": "az104-04-vm-0-osdisk",
                "os_type": "Windows",
                "vhd_uri": "",
                "write_accelerator_enabled": false
              }
            ],
            "tags": {},
            "timeouts": null,
            "vm_size": "Standard_B1s",
            "zones": []
          },
          "sensitive_attributes": [
            [
              {
                "type": "get_attr",
                "value": "os_profile"
              }
            ]
          ],
          "identity_schema_version": 0,
          "private": "eyJlMmJmYjczMC1lY2FhLTExZTYtOGY4OC0zNDM2M2JjN2M0YzAiOnsiY3JlYXRlIjozNjAwMDAwMDAwMDAwLCJkZWxldGUiOjM2MDAwMDAwMDAwMDAsInJlYWQiOjMwMDAwMDAwMDAwMCwidXBkYXRlIjozNjAwMDAwMDAwMDAwfX0=",
          "dependencies": [
            "azurerm_network_interface.nic0",
            "azurerm_public_ip.pip0",
            "azurerm_resource_group.lab_rg",
            "azurerm_subnet.subnet0",
            "azurerm_virtual_network.vnet"
          ]
        }
      ]
    },
    {
      "mode": "managed",
      "type": "azurerm_virtual_machine",
      "name": "vm1",
      "provider": "provider[\"registry.terraform.io/hashicorp/azurerm\"]",
      "instances": [
        {
          "schema_version": 0,
          "attributes": {
            "additional_capabilities": [],
            "availability_set_id": null,
            "boot_diagnostics": [],
            "delete_data_disks_on_termination": false,
            "delete_os_disk_on_termination": false,
            "id": "/subscriptions/76b69a8b-4e03-4cfd-8ee5-fcb614839f69/resourceGroups/az104-04-rg/providers/Microsoft.Compute/virtualMachines/az104-04-vm-1",
            "identity": [],
            "license_type": null,
            "location": "westus",
            "name": "az104-04-vm-1",
            "network_interface_ids": [
              "/subscriptions/76b69a8b-4e03-4cfd-8ee5-fcb614839f69/resourceGroups/az104-04-rg/providers/Microsoft.Network/networkInterfaces/az104-04-nic-1"
            ],
            "os_profile": [
              {
                "admin_password": "",
                "admin_username": "TestAdmin",
                "computer_name": "vm1",
                "custom_data": ""
              }
            ],
            "os_profile_linux_config": [],
            "os_profile_secrets": [],
            "os_profile_windows_config": [
              {
                "additional_unattend_config": [],
                "enable_automatic_upgrades": false,
                "provision_vm_agent": true,
                "timezone": "",
                "winrm": []
              }
            ],
            "plan": [],
            "primary_network_interface_id": null,
            "proximity_placement_group_id": null,
            "resource_group_name": "az104-04-rg",
            "storage_data_disk": [],
            "storage_image_reference": [
              {
                "id": "",
                "offer": "WindowsServer",
                "publisher": "MicrosoftWindowsServer",
                "sku": "2019-Datacenter",
                "version": "latest"
              }
            ],
            "storage_os_disk": [
              {
                "caching": "ReadWrite",
                "create_option": "FromImage",
                "disk_size_gb": 127,
                "image_uri": "",
                "managed_disk_id": "/subscriptions/76b69a8b-4e03-4cfd-8ee5-fcb614839f69/resourceGroups/az104-04-rg/providers/Microsoft.Compute/disks/az104-04-vm-1-osdisk",
                "managed_disk_type": "Standard_LRS",
                "name": "az104-04-vm-1-osdisk",
                "os_type": "Windows",
                "vhd_uri": "",
                "write_accelerator_enabled": false
              }
            ],
            "tags": {},
            "timeouts": null,
            "vm_size": "Standard_B1s",
            "zones": []
          },
          "sensitive_attributes": [
            [
              {
                "type": "get_attr",
                "value": "os_profile"
              }
            ]
          ],
          "identity_schema_version": 0,
          "private": "eyJlMmJmYjczMC1lY2FhLTExZTYtOGY4OC0zNDM2M2JjN2M0YzAiOnsiY3JlYXRlIjozNjAwMDAwMDAwMDAwLCJkZWxldGUiOjM2MDAwMDAwMDAwMDAsInJlYWQiOjMwMDAwMDAwMDAwMCwidXBkYXRlIjozNjAwMDAwMDAwMDAwfX0=",
          "dependencies": [
            "azurerm_network_interface.nic1",
            "azurerm_resource_group.lab_rg",
            "azurerm_subnet.subnet1",
            "azurerm_virtual_network.vnet"
          ]
        }
      ]
    },
    {
      "mode": "managed",
      "type": "azurerm_virtual_network",
      "name": "vnet",
      "provider": "provider[\"registry.terraform.io/hashicorp/azurerm\"]",
      "instances": [
        {
          "schema_version": 0,
          "attributes": {
            "address_space": [
              "10.40.0.0/20"
            ],
            "bgp_community": "",
            "ddos_protection_plan": [],
            "dns_servers": [],
            "edge_zone": "",
            "encryption": [],
            "flow_timeout_in_minutes": 0,
            "guid": "e1187689-7c80-4240-9a30-2c5b87b2ef09",
            "id": "/subscriptions/76b69a8b-4e03-4cfd-8ee5-fcb614839f69/resourceGroups/az104-04-rg/providers/Microsoft.Network/virtualNetworks/az104-04-vnet1",
            "location": "westus",
            "name": "az104-04-vnet1",
            "resource_group_name": "az104-04-rg",
            "subnet": [
              {
                "address_prefix": "10.40.0.0/24",
                "id": "/subscriptions/76b69a8b-4e03-4cfd-8ee5-fcb614839f69/resourceGroups/az104-04-rg/providers/Microsoft.Network/virtualNetworks/az104-04-vnet1/subnets/subnet-0",
                "name": "subnet-0",
                "security_group": "/subscriptions/76b69a8b-4e03-4cfd-8ee5-fcb614839f69/resourceGroups/az104-04-rg/providers/Microsoft.Network/networkSecurityGroups/az104-04-nsg-subnet-0"
              },
              {
                "address_prefix": "10.40.1.0/24",
                "id": "/subscriptions/76b69a8b-4e03-4cfd-8ee5-fcb614839f69/resourceGroups/az104-04-rg/providers/Microsoft.Network/virtualNetworks/az104-04-vnet1/subnets/subnet-1",
                "name": "subnet-1",
                "security_group": ""
              }
            ],
            "tags": {},
            "timeouts": null
          },
          "sensitive_attributes": [],
          "identity_schema_version": 0,
          "private": "eyJlMmJmYjczMC1lY2FhLTExZTYtOGY4OC0zNDM2M2JjN2M0YzAiOnsiY3JlYXRlIjoxODAwMDAwMDAwMDAwLCJkZWxldGUiOjE4MDAwMDAwMDAwMDAsInJlYWQiOjMwMDAwMDAwMDAwMCwidXBkYXRlIjoxODAwMDAwMDAwMDAwfX0=",
          "dependencies": [
            "azurerm_resource_group.lab_rg"
          ]
        }
      ]
    }
  ],
  "check_results": null
}
