{
  "version": 4,
  "terraform_version": "1.13.3",
  "serial": 114,
  "lineage": "e81297c0-8efc-2627-9c14-684f74b98828",
  "outputs": {
    "vm1_private_ip": {
      "value": "10.50.0.4",
      "type": "string"
    },
    "vm1_public_ip": {
      "value": "108.143.96.104",
      "type": "string"
    },
    "vm2_private_ip": {
      "value": "10.51.0.4",
      "type": "string"
    },
    "vm2_public_ip": {
      "value": "172.184.235.78",
      "type": "string"
    }
  },
  "resources": [
    {
      "mode": "data",
      "type": "azurerm_network_interface",
      "name": "nic1_data",
      "provider": "provider[\"registry.terraform.io/hashicorp/azurerm\"]",
      "instances": [
        {
          "schema_version": 0,
          "attributes": {
            "accelerated_networking_enabled": false,
            "applied_dns_servers": [],
            "dns_servers": [],
            "enable_accelerated_networking": false,
            "enable_ip_forwarding": true,
            "id": "/subscriptions/76b69a8b-4e03-4cfd-8ee5-fcb614839f69/resourceGroups/az104-05-rg1/providers/Microsoft.Network/networkInterfaces/az104-05-nic1",
            "internal_dns_name_label": "",
            "ip_configuration": [
              {
                "application_gateway_backend_address_pools_ids": [],
                "application_security_group_ids": [],
                "gateway_load_balancer_frontend_ip_configuration_id": "",
                "load_balancer_backend_address_pools_ids": [],
                "load_balancer_inbound_nat_rules_ids": [],
                "name": "internal",
                "primary": true,
                "private_ip_address": "10.50.0.4",
                "private_ip_address_allocation": "Dynamic",
                "private_ip_address_version": "IPv4",
                "public_ip_address_id": "/subscriptions/76b69a8b-4e03-4cfd-8ee5-fcb614839f69/resourceGroups/az104-05-rg1/providers/Microsoft.Network/publicIPAddresses/az104-05-pip1",
                "subnet_id": "/subscriptions/76b69a8b-4e03-4cfd-8ee5-fcb614839f69/resourceGroups/az104-05-rg1/providers/Microsoft.Network/virtualNetworks/az104-05-vnet1/subnets/subnet-0"
              }
            ],
            "ip_forwarding_enabled": true,
            "location": "westeurope",
            "mac_address": "60-45-BD-99-7D-07",
            "name": "az104-05-nic1",
            "network_security_group_id": "",
            "private_ip_address": "10.50.0.4",
            "private_ip_addresses": [
              "10.50.0.4"
            ],
            "resource_group_name": "az104-05-rg1",
            "tags": {},
            "timeouts": null,
            "virtual_machine_id": "/subscriptions/76b69a8b-4e03-4cfd-8ee5-fcb614839f69/resourceGroups/az104-05-rg1/providers/Microsoft.Compute/virtualMachines/az104-05-vm-1"
          },
          "sensitive_attributes": [],
          "identity_schema_version": 0
        }
      ]
    },
    {
      "mode": "managed",
      "type": "azurerm_network_interface",
      "name": "nic1",
      "provider": "provider[\"registry.terraform.io/hashicorp/azurerm\"]",
      "instances": [
        {
          "schema_version": 0,
          "attributes": {
            "accelerated_networking_enabled": false,
            "applied_dns_servers": [],
            "auxiliary_mode": "",
            "auxiliary_sku": "",
            "dns_servers": [],
            "edge_zone": "",
            "enable_accelerated_networking": false,
            "enable_ip_forwarding": true,
            "id": "/subscriptions/76b69a8b-4e03-4cfd-8ee5-fcb614839f69/resourceGroups/az104-05-rg1/providers/Microsoft.Network/networkInterfaces/az104-05-nic1",
            "internal_dns_name_label": "",
            "internal_domain_name_suffix": "p3k5bi0rxqqufn05zxcqqeft0b.ax.internal.cloudapp.net",
            "ip_configuration": [
              {
                "gateway_load_balancer_frontend_ip_configuration_id": "",
                "name": "internal",
                "primary": true,
                "private_ip_address": "10.50.0.4",
                "private_ip_address_allocation": "Dynamic",
                "private_ip_address_version": "IPv4",
                "public_ip_address_id": "/subscriptions/76b69a8b-4e03-4cfd-8ee5-fcb614839f69/resourceGroups/az104-05-rg1/providers/Microsoft.Network/publicIPAddresses/az104-05-pip1",
                "subnet_id": "/subscriptions/76b69a8b-4e03-4cfd-8ee5-fcb614839f69/resourceGroups/az104-05-rg1/providers/Microsoft.Network/virtualNetworks/az104-05-vnet1/subnets/subnet-0"
              }
            ],
            "ip_forwarding_enabled": true,
            "location": "westeurope",
            "mac_address": "60-45-BD-99-7D-07",
            "name": "az104-05-nic1",
            "private_ip_address": "10.50.0.4",
            "private_ip_addresses": [
              "10.50.0.4"
            ],
            "resource_group_name": "az104-05-rg1",
            "tags": {},
            "timeouts": null,
            "virtual_machine_id": "/subscriptions/76b69a8b-4e03-4cfd-8ee5-fcb614839f69/resourceGroups/az104-05-rg1/providers/Microsoft.Compute/virtualMachines/az104-05-vm-1"
          },
          "sensitive_attributes": [],
          "identity_schema_version": 0,
          "private": "eyJlMmJmYjczMC1lY2FhLTExZTYtOGY4OC0zNDM2M2JjN2M0YzAiOnsiY3JlYXRlIjoxODAwMDAwMDAwMDAwLCJkZWxldGUiOjE4MDAwMDAwMDAwMDAsInJlYWQiOjMwMDAwMDAwMDAwMCwidXBkYXRlIjoxODAwMDAwMDAwMDAwfX0=",
          "dependencies": [
            "azurerm_public_ip.pip1",
            "azurerm_resource_group.rg1",
            "azurerm_subnet.subnet1",
            "azurerm_virtual_network.vnet1"
          ]
        }
      ]
    },
    {
      "mode": "managed",
      "type": "azurerm_network_interface",
      "name": "nic2",
      "provider": "provider[\"registry.terraform.io/hashicorp/azurerm\"]",
      "instances": [
        {
          "schema_version": 0,
          "attributes": {
            "accelerated_networking_enabled": false,
            "applied_dns_servers": [],
            "auxiliary_mode": "",
            "auxiliary_sku": "",
            "dns_servers": [],
            "edge_zone": "",
            "enable_accelerated_networking": false,
            "enable_ip_forwarding": false,
            "id": "/subscriptions/76b69a8b-4e03-4cfd-8ee5-fcb614839f69/resourceGroups/az104-05-rg2/providers/Microsoft.Network/networkInterfaces/az104-05-nic2",
            "internal_dns_name_label": "",
            "internal_domain_name_suffix": "i55nwoyficte1j2gnyv22yn3yc.dx.internal.cloudapp.net",
            "ip_configuration": [
              {
                "gateway_load_balancer_frontend_ip_configuration_id": "",
                "name": "internal",
                "primary": true,
                "private_ip_address": "10.51.0.4",
                "private_ip_address_allocation": "Static",
                "private_ip_address_version": "IPv4",
                "public_ip_address_id": "/subscriptions/76b69a8b-4e03-4cfd-8ee5-fcb614839f69/resourceGroups/az104-05-rg2/providers/Microsoft.Network/publicIPAddresses/az104-05-pip2",
                "subnet_id": "/subscriptions/76b69a8b-4e03-4cfd-8ee5-fcb614839f69/resourceGroups/az104-05-rg2/providers/Microsoft.Network/virtualNetworks/az104-05-vnet2/subnets/subnet-0"
              }
            ],
            "ip_forwarding_enabled": false,
            "location": "westus",
            "mac_address": "60-45-BD-08-7F-3B",
            "name": "az104-05-nic2",
            "private_ip_address": "10.51.0.4",
            "private_ip_addresses": [
              "10.51.0.4"
            ],
            "resource_group_name": "az104-05-rg2",
            "tags": {},
            "timeouts": null,
            "virtual_machine_id": "/subscriptions/76b69a8b-4e03-4cfd-8ee5-fcb614839f69/resourceGroups/az104-05-rg2/providers/Microsoft.Compute/virtualMachines/az104-05-vm-2"
          },
          "sensitive_attributes": [],
          "identity_schema_version": 0,
          "private": "eyJlMmJmYjczMC1lY2FhLTExZTYtOGY4OC0zNDM2M2JjN2M0YzAiOnsiY3JlYXRlIjoxODAwMDAwMDAwMDAwLCJkZWxldGUiOjE4MDAwMDAwMDAwMDAsInJlYWQiOjMwMDAwMDAwMDAwMCwidXBkYXRlIjoxODAwMDAwMDAwMDAwfX0=",
          "dependencies": [
            "azurerm_public_ip.pip2",
            "azurerm_resource_group.rg2",
            "azurerm_subnet.subnet2",
            "azurerm_virtual_network.vnet2"
          ]
        }
      ]
    },
    {
      "mode": "managed",
      "type": "azurerm_network_security_group",
      "name": "nsg1",
      "provider": "provider[\"registry.terraform.io/hashicorp/azurerm\"]",
      "instances": [
        {
          "schema_version": 0,
          "attributes": {
            "id": "/subscriptions/76b69a8b-4e03-4cfd-8ee5-fcb614839f69/resourceGroups/az104-05-rg1/providers/Microsoft.Network/networkSecurityGroups/az104-05-nsg1",
            "location": "westeurope",
            "name": "az104-05-nsg1",
            "resource_group_name": "az104-05-rg1",
            "security_rule": [
              {
                "access": "Allow",
                "description": "",
                "destination_address_prefix": "*",
                "destination_address_prefixes": [],
                "destination_application_security_group_ids": [],
                "destination_port_range": "3389",
                "destination_port_ranges": [],
                "direction": "Inbound",
                "name": "AllowRDP",
                "priority": 1000,
                "protocol": "Tcp",
                "source_address_prefix": "*",
                "source_address_prefixes": [],
                "source_application_security_group_ids": [],
                "source_port_range": "*",
                "source_port_ranges": []
              }
            ],
            "tags": {},
            "timeouts": null
          },
          "sensitive_attributes": [],
          "identity_schema_version": 0,
          "private": "eyJlMmJmYjczMC1lY2FhLTExZTYtOGY4OC0zNDM2M2JjN2M0YzAiOnsiY3JlYXRlIjoxODAwMDAwMDAwMDAwLCJkZWxldGUiOjE4MDAwMDAwMDAwMDAsInJlYWQiOjMwMDAwMDAwMDAwMCwidXBkYXRlIjoxODAwMDAwMDAwMDAwfX0=",
          "dependencies": [
            "azurerm_resource_group.rg1"
          ]
        }
      ]
    },
    {
      "mode": "managed",
      "type": "azurerm_network_security_group",
      "name": "nsg2",
      "provider": "provider[\"registry.terraform.io/hashicorp/azurerm\"]",
      "instances": [
        {
          "schema_version": 0,
          "attributes": {
            "id": "/subscriptions/76b69a8b-4e03-4cfd-8ee5-fcb614839f69/resourceGroups/az104-05-rg2/providers/Microsoft.Network/networkSecurityGroups/az104-05-nsg2",
            "location": "westus",
            "name": "az104-05-nsg2",
            "resource_group_name": "az104-05-rg2",
            "security_rule": [
              {
                "access": "Allow",
                "description": "",
                "destination_address_prefix": "*",
                "destination_address_prefixes": [],
                "destination_application_security_group_ids": [],
                "destination_port_range": "3389",
                "destination_port_ranges": [],
                "direction": "Inbound",
                "name": "AllowRDP",
                "priority": 1000,
                "protocol": "Tcp",
                "source_address_prefix": "*",
                "source_address_prefixes": [],
                "source_application_security_group_ids": [],
                "source_port_range": "*",
                "source_port_ranges": []
              }
            ],
            "tags": {},
            "timeouts": null
          },
          "sensitive_attributes": [],
          "identity_schema_version": 0,
          "private": "eyJlMmJmYjczMC1lY2FhLTExZTYtOGY4OC0zNDM2M2JjN2M0YzAiOnsiY3JlYXRlIjoxODAwMDAwMDAwMDAwLCJkZWxldGUiOjE4MDAwMDAwMDAwMDAsInJlYWQiOjMwMDAwMDAwMDAwMCwidXBkYXRlIjoxODAwMDAwMDAwMDAwfX0=",
          "dependencies": [
            "azurerm_resource_group.rg2"
          ]
        }
      ]
    },
    {
      "mode": "managed",
      "type": "azurerm_public_ip",
      "name": "pip1",
      "provider": "provider[\"registry.terraform.io/hashicorp/azurerm\"]",
      "instances": [
        {
          "schema_version": 0,
          "attributes": {
            "allocation_method": "Static",
            "ddos_protection_mode": "VirtualNetworkInherited",
            "ddos_protection_plan_id": null,
            "domain_name_label": null,
            "edge_zone": "",
            "fqdn": null,
            "id": "/subscriptions/76b69a8b-4e03-4cfd-8ee5-fcb614839f69/resourceGroups/az104-05-rg1/providers/Microsoft.Network/publicIPAddresses/az104-05-pip1",
            "idle_timeout_in_minutes": 4,
            "ip_address": "108.143.96.104",
            "ip_tags": {},
            "ip_version": "IPv4",
            "location": "westeurope",
            "name": "az104-05-pip1",
            "public_ip_prefix_id": null,
            "resource_group_name": "az104-05-rg1",
            "reverse_fqdn": null,
            "sku": "Standard",
            "sku_tier": "Regional",
            "tags": {},
            "timeouts": null,
            "zones": []
          },
          "sensitive_attributes": [],
          "identity_schema_version": 0,
          "private": "eyJlMmJmYjczMC1lY2FhLTExZTYtOGY4OC0zNDM2M2JjN2M0YzAiOnsiY3JlYXRlIjoxODAwMDAwMDAwMDAwLCJkZWxldGUiOjE4MDAwMDAwMDAwMDAsInJlYWQiOjMwMDAwMDAwMDAwMCwidXBkYXRlIjoxODAwMDAwMDAwMDAwfX0=",
          "dependencies": [
            "azurerm_resource_group.rg1"
          ]
        }
      ]
    },
    {
      "mode": "managed",
      "type": "azurerm_public_ip",
      "name": "pip2",
      "provider": "provider[\"registry.terraform.io/hashicorp/azurerm\"]",
      "instances": [
        {
          "schema_version": 0,
          "attributes": {
            "allocation_method": "Static",
            "ddos_protection_mode": "VirtualNetworkInherited",
            "ddos_protection_plan_id": null,
            "domain_name_label": null,
            "edge_zone": "",
            "fqdn": null,
            "id": "/subscriptions/76b69a8b-4e03-4cfd-8ee5-fcb614839f69/resourceGroups/az104-05-rg2/providers/Microsoft.Network/publicIPAddresses/az104-05-pip2",
            "idle_timeout_in_minutes": 4,
            "ip_address": "172.184.235.78",
            "ip_tags": {},
            "ip_version": "IPv4",
            "location": "westus",
            "name": "az104-05-pip2",
            "public_ip_prefix_id": null,
            "resource_group_name": "az104-05-rg2",
            "reverse_fqdn": null,
            "sku": "Standard",
            "sku_tier": "Regional",
            "tags": {},
            "timeouts": null,
            "zones": []
          },
          "sensitive_attributes": [],
          "identity_schema_version": 0,
          "private": "eyJlMmJmYjczMC1lY2FhLTExZTYtOGY4OC0zNDM2M2JjN2M0YzAiOnsiY3JlYXRlIjoxODAwMDAwMDAwMDAwLCJkZWxldGUiOjE4MDAwMDAwMDAwMDAsInJlYWQiOjMwMDAwMDAwMDAwMCwidXBkYXRlIjoxODAwMDAwMDAwMDAwfX0=",
          "dependencies": [
            "azurerm_resource_group.rg2"
          ]
        }
      ]
    },
    {
      "mode": "managed",
      "type": "azurerm_resource_group",
      "name": "rg1",
      "provider": "provider[\"registry.terraform.io/hashicorp/azurerm\"]",
      "instances": [
        {
          "schema_version": 0,
          "attributes": {
            "id": "/subscriptions/76b69a8b-4e03-4cfd-8ee5-fcb614839f69/resourceGroups/az104-05-rg1",
            "location": "westeurope",
            "managed_by": "",
            "name": "az104-05-rg1",
            "tags": {},
            "timeouts": null
          },
          "sensitive_attributes": [],
          "identity_schema_version": 0,
          "private": "eyJlMmJmYjczMC1lY2FhLTExZTYtOGY4OC0zNDM2M2JjN2M0YzAiOnsiY3JlYXRlIjo1NDAwMDAwMDAwMDAwLCJkZWxldGUiOjU0MDAwMDAwMDAwMDAsInJlYWQiOjMwMDAwMDAwMDAwMCwidXBkYXRlIjo1NDAwMDAwMDAwMDAwfX0="
        }
      ]
    },
    {
      "mode": "managed",
      "type": "azurerm_resource_group",
      "name": "rg2",
      "provider": "provider[\"registry.terraform.io/hashicorp/azurerm\"]",
      "instances": [
        {
          "schema_version": 0,
          "attributes": {
            "id": "/subscriptions/76b69a8b-4e03-4cfd-8ee5-fcb614839f69/resourceGroups/az104-05-rg2",
            "location": "westus",
            "managed_by": "",
            "name": "az104-05-rg2",
            "tags": {},
            "timeouts": null
          },
          "sensitive_attributes": [],
          "identity_schema_version": 0,
          "private": "eyJlMmJmYjczMC1lY2FhLTExZTYtOGY4OC0zNDM2M2JjN2M0YzAiOnsiY3JlYXRlIjo1NDAwMDAwMDAwMDAwLCJkZWxldGUiOjU0MDAwMDAwMDAwMDAsInJlYWQiOjMwMDAwMDAwMDAwMCwidXBkYXRlIjo1NDAwMDAwMDAwMDAwfX0="
        }
      ]
    },
    {
      "mode": "managed",
      "type": "azurerm_route_table",
      "name": "route_table",
      "provider": "provider[\"registry.terraform.io/hashicorp/azurerm\"]",
      "instances": [
        {
          "schema_version": 0,
          "attributes": {
            "bgp_route_propagation_enabled": true,
            "disable_bgp_route_propagation": false,
            "id": "/subscriptions/76b69a8b-4e03-4cfd-8ee5-fcb614839f69/resourceGroups/az104-05-rg1/providers/Microsoft.Network/routeTables/az104-05-rt",
            "location": "westeurope",
            "name": "az104-05-rt",
            "resource_group_name": "az104-05-rg1",
            "route": [
              {
                "address_prefix": "10.51.0.0/16",
                "name": "route-vnet1-to-vnet2",
                "next_hop_in_ip_address": "10.50.0.4",
                "next_hop_type": "VirtualAppliance"
              }
            ],
            "subnets": [
              "/subscriptions/76b69a8b-4e03-4cfd-8ee5-fcb614839f69/resourceGroups/az104-05-rg1/providers/Microsoft.Network/virtualNetworks/az104-05-vnet1/subnets/subnet-0"
            ],
            "tags": {},
            "timeouts": null
          },
          "sensitive_attributes": [],
          "identity_schema_version": 0,
          "private": "eyJlMmJmYjczMC1lY2FhLTExZTYtOGY4OC0zNDM2M2JjN2M0YzAiOnsiY3JlYXRlIjoxODAwMDAwMDAwMDAwLCJkZWxldGUiOjE4MDAwMDAwMDAwMDAsInJlYWQiOjMwMDAwMDAwMDAwMCwidXBkYXRlIjoxODAwMDAwMDAwMDAwfX0=",
          "dependencies": [
            "azurerm_network_interface.nic1",
            "azurerm_public_ip.pip1",
            "azurerm_resource_group.rg1",
            "azurerm_subnet.subnet1",
            "azurerm_virtual_machine.vm1",
            "azurerm_virtual_network.vnet1",
            "data.azurerm_network_interface.nic1_data"
          ]
        }
      ]
    },
    {
      "mode": "managed",
      "type": "azurerm_subnet",
      "name": "subnet1",
      "provider": "provider[\"registry.terraform.io/hashicorp/azurerm\"]",
      "instances": [
        {
          "schema_version": 0,
          "attributes": {
            "address_prefixes": [
              "10.50.0.0/24"
            ],
            "default_outbound_access_enabled": true,
            "delegation": [],
            "enforce_private_link_endpoint_network_policies": false,
            "enforce_private_link_service_network_policies": false,
            "id": "/subscriptions/76b69a8b-4e03-4cfd-8ee5-fcb614839f69/resourceGroups/az104-05-rg1/providers/Microsoft.Network/virtualNetworks/az104-05-vnet1/subnets/subnet-0",
            "name": "subnet-0",
            "private_endpoint_network_policies": "Enabled",
            "private_endpoint_network_policies_enabled": true,
            "private_link_service_network_policies_enabled": true,
            "resource_group_name": "az104-05-rg1",
            "service_endpoint_policy_ids": [],
            "service_endpoints": [],
            "timeouts": null,
            "virtual_network_name": "az104-05-vnet1"
          },
          "sensitive_attributes": [],
          "identity_schema_version": 0,
          "private": "eyJlMmJmYjczMC1lY2FhLTExZTYtOGY4OC0zNDM2M2JjN2M0YzAiOnsiY3JlYXRlIjoxODAwMDAwMDAwMDAwLCJkZWxldGUiOjE4MDAwMDAwMDAwMDAsInJlYWQiOjMwMDAwMDAwMDAwMCwidXBkYXRlIjoxODAwMDAwMDAwMDAwfX0=",
          "dependencies": [
            "azurerm_resource_group.rg1",
            "azurerm_virtual_network.vnet1"
          ]
        }
      ]
    },
    {
      "mode": "managed",
      "type": "azurerm_subnet",
      "name": "subnet2",
      "provider": "provider[\"registry.terraform.io/hashicorp/azurerm\"]",
      "instances": [
        {
          "schema_version": 0,
          "attributes": {
            "address_prefixes": [
              "10.51.0.0/24"
            ],
            "default_outbound_access_enabled": true,
            "delegation": [],
            "enforce_private_link_endpoint_network_policies": false,
            "enforce_private_link_service_network_policies": false,
            "id": "/subscriptions/76b69a8b-4e03-4cfd-8ee5-fcb614839f69/resourceGroups/az104-05-rg2/providers/Microsoft.Network/virtualNetworks/az104-05-vnet2/subnets/subnet-0",
            "name": "subnet-0",
            "private_endpoint_network_policies": "Enabled",
            "private_endpoint_network_policies_enabled": true,
            "private_link_service_network_policies_enabled": true,
            "resource_group_name": "az104-05-rg2",
            "service_endpoint_policy_ids": [],
            "service_endpoints": [],
            "timeouts": null,
            "virtual_network_name": "az104-05-vnet2"
          },
          "sensitive_attributes": [],
          "identity_schema_version": 0,
          "private": "eyJlMmJmYjczMC1lY2FhLTExZTYtOGY4OC0zNDM2M2JjN2M0YzAiOnsiY3JlYXRlIjoxODAwMDAwMDAwMDAwLCJkZWxldGUiOjE4MDAwMDAwMDAwMDAsInJlYWQiOjMwMDAwMDAwMDAwMCwidXBkYXRlIjoxODAwMDAwMDAwMDAwfX0=",
          "dependencies": [
            "azurerm_resource_group.rg2",
            "azurerm_virtual_network.vnet2"
          ]
        }
      ]
    },
    {
      "mode": "managed",
      "type": "azurerm_subnet_network_security_group_association",
      "name": "assoc1",
      "provider": "provider[\"registry.terraform.io/hashicorp/azurerm\"]",
      "instances": [
        {
          "schema_version": 0,
          "attributes": {
            "id": "/subscriptions/76b69a8b-4e03-4cfd-8ee5-fcb614839f69/resourceGroups/az104-05-rg1/providers/Microsoft.Network/virtualNetworks/az104-05-vnet1/subnets/subnet-0",
            "network_security_group_id": "/subscriptions/76b69a8b-4e03-4cfd-8ee5-fcb614839f69/resourceGroups/az104-05-rg1/providers/Microsoft.Network/networkSecurityGroups/az104-05-nsg1",
            "subnet_id": "/subscriptions/76b69a8b-4e03-4cfd-8ee5-fcb614839f69/resourceGroups/az104-05-rg1/providers/Microsoft.Network/virtualNetworks/az104-05-vnet1/subnets/subnet-0",
            "timeouts": null
          },
          "sensitive_attributes": [],
          "identity_schema_version": 0,
          "private": "eyJlMmJmYjczMC1lY2FhLTExZTYtOGY4OC0zNDM2M2JjN2M0YzAiOnsiY3JlYXRlIjoxODAwMDAwMDAwMDAwLCJkZWxldGUiOjE4MDAwMDAwMDAwMDAsInJlYWQiOjMwMDAwMDAwMDAwMH19",
          "dependencies": [
            "azurerm_network_security_group.nsg1",
            "azurerm_resource_group.rg1",
            "azurerm_subnet.subnet1",
            "azurerm_virtual_network.vnet1"
          ]
        }
      ]
    },
    {
      "mode": "managed",
      "type": "azurerm_subnet_network_security_group_association",
      "name": "assoc2",
      "provider": "provider[\"registry.terraform.io/hashicorp/azurerm\"]",
      "instances": [
        {
          "schema_version": 0,
          "attributes": {
            "id": "/subscriptions/76b69a8b-4e03-4cfd-8ee5-fcb614839f69/resourceGroups/az104-05-rg2/providers/Microsoft.Network/virtualNetworks/az104-05-vnet2/subnets/subnet-0",
            "network_security_group_id": "/subscriptions/76b69a8b-4e03-4cfd-8ee5-fcb614839f69/resourceGroups/az104-05-rg2/providers/Microsoft.Network/networkSecurityGroups/az104-05-nsg2",
            "subnet_id": "/subscriptions/76b69a8b-4e03-4cfd-8ee5-fcb614839f69/resourceGroups/az104-05-rg2/providers/Microsoft.Network/virtualNetworks/az104-05-vnet2/subnets/subnet-0",
            "timeouts": null
          },
          "sensitive_attributes": [],
          "identity_schema_version": 0,
          "private": "eyJlMmJmYjczMC1lY2FhLTExZTYtOGY4OC0zNDM2M2JjN2M0YzAiOnsiY3JlYXRlIjoxODAwMDAwMDAwMDAwLCJkZWxldGUiOjE4MDAwMDAwMDAwMDAsInJlYWQiOjMwMDAwMDAwMDAwMH19",
          "dependencies": [
            "azurerm_network_security_group.nsg2",
            "azurerm_resource_group.rg2",
            "azurerm_subnet.subnet2",
            "azurerm_virtual_network.vnet2"
          ]
        }
      ]
    },
    {
      "mode": "managed",
      "type": "azurerm_subnet_route_table_association",
      "name": "rt_assoc",
      "provider": "provider[\"registry.terraform.io/hashicorp/azurerm\"]",
      "instances": [
        {
          "schema_version": 0,
          "attributes": {
            "id": "/subscriptions/76b69a8b-4e03-4cfd-8ee5-fcb614839f69/resourceGroups/az104-05-rg1/providers/Microsoft.Network/virtualNetworks/az104-05-vnet1/subnets/subnet-0",
            "route_table_id": "/subscriptions/76b69a8b-4e03-4cfd-8ee5-fcb614839f69/resourceGroups/az104-05-rg1/providers/Microsoft.Network/routeTables/az104-05-rt",
            "subnet_id": "/subscriptions/76b69a8b-4e03-4cfd-8ee5-fcb614839f69/resourceGroups/az104-05-rg1/providers/Microsoft.Network/virtualNetworks/az104-05-vnet1/subnets/subnet-0",
            "timeouts": null
          },
          "sensitive_attributes": [],
          "identity_schema_version": 0,
          "private": "eyJlMmJmYjczMC1lY2FhLTExZTYtOGY4OC0zNDM2M2JjN2M0YzAiOnsiY3JlYXRlIjoxODAwMDAwMDAwMDAwLCJkZWxldGUiOjE4MDAwMDAwMDAwMDAsInJlYWQiOjMwMDAwMDAwMDAwMH19",
          "dependencies": [
            "azurerm_network_interface.nic1",
            "azurerm_public_ip.pip1",
            "azurerm_resource_group.rg1",
            "azurerm_route_table.route_table",
            "azurerm_subnet.subnet1",
            "azurerm_virtual_machine.vm1",
            "azurerm_virtual_network.vnet1",
            "data.azurerm_network_interface.nic1_data"
          ]
        }
      ]
    },
    {
      "mode": "managed",
      "type": "azurerm_virtual_machine",
      "name": "vm1",
      "provider": "provider[\"registry.terraform.io/hashicorp/azurerm\"]",
      "instances": [
        {
          "schema_version": 0,
          "attributes": {
            "additional_capabilities": [],
            "availability_set_id": null,
            "boot_diagnostics": [],
            "delete_data_disks_on_termination": false,
            "delete_os_disk_on_termination": false,
            "id": "/subscriptions/76b69a8b-4e03-4cfd-8ee5-fcb614839f69/resourceGroups/az104-05-rg1/providers/Microsoft.Compute/virtualMachines/az104-05-vm-1",
            "identity": [],
            "license_type": null,
            "location": "westeurope",
            "name": "az104-05-vm-1",
            "network_interface_ids": [
              "/subscriptions/76b69a8b-4e03-4cfd-8ee5-fcb614839f69/resourceGroups/az104-05-rg1/providers/Microsoft.Network/networkInterfaces/az104-05-nic1"
            ],
            "os_profile": [
              {
                "admin_password": "",
                "admin_username": "TestAdmin",
                "computer_name": "vm1",
                "custom_data": ""
              }
            ],
            "os_profile_linux_config": [],
            "os_profile_secrets": [],
            "os_profile_windows_config": [
              {
                "additional_unattend_config": [],
                "enable_automatic_upgrades": false,
                "provision_vm_agent": true,
                "timezone": "",
                "winrm": []
              }
            ],
            "plan": [],
            "primary_network_interface_id": null,
            "proximity_placement_group_id": null,
            "resource_group_name": "az104-05-rg1",
            "storage_data_disk": [],
            "storage_image_reference": [
              {
                "id": "",
                "offer": "WindowsServer",
                "publisher": "MicrosoftWindowsServer",
                "sku": "2022-Datacenter",
                "version": "latest"
              }
            ],
            "storage_os_disk": [
              {
                "caching": "ReadWrite",
                "create_option": "FromImage",
                "disk_size_gb": 127,
                "image_uri": "",
                "managed_disk_id": "/subscriptions/76b69a8b-4e03-4cfd-8ee5-fcb614839f69/resourceGroups/az104-05-rg1/providers/Microsoft.Compute/disks/az104-05-vm1-osdisk",
                "managed_disk_type": "Standard_LRS",
                "name": "az104-05-vm1-osdisk",
                "os_type": "Windows",
                "vhd_uri": "",
                "write_accelerator_enabled": false
              }
            ],
            "tags": {},
            "timeouts": null,
            "vm_size": "Standard_B2s",
            "zones": []
          },
          "sensitive_attributes": [
            [
              {
                "type": "get_attr",
                "value": "os_profile"
              }
            ]
          ],
          "identity_schema_version": 0,
          "private": "eyJlMmJmYjczMC1lY2FhLTExZTYtOGY4OC0zNDM2M2JjN2M0YzAiOnsiY3JlYXRlIjozNjAwMDAwMDAwMDAwLCJkZWxldGUiOjM2MDAwMDAwMDAwMDAsInJlYWQiOjMwMDAwMDAwMDAwMCwidXBkYXRlIjozNjAwMDAwMDAwMDAwfX0=",
          "dependencies": [
            "azurerm_network_interface.nic1",
            "azurerm_public_ip.pip1",
            "azurerm_resource_group.rg1",
            "azurerm_subnet.subnet1",
            "azurerm_virtual_network.vnet1"
          ]
        }
      ]
    },
    {
      "mode": "managed",
      "type": "azurerm_virtual_machine",
      "name": "vm2",
      "provider": "provider[\"registry.terraform.io/hashicorp/azurerm\"]",
      "instances": [
        {
          "schema_version": 0,
          "attributes": {
            "additional_capabilities": [],
            "availability_set_id": null,
            "boot_diagnostics": [],
            "delete_data_disks_on_termination": false,
            "delete_os_disk_on_termination": false,
            "id": "/subscriptions/76b69a8b-4e03-4cfd-8ee5-fcb614839f69/resourceGroups/az104-05-rg2/providers/Microsoft.Compute/virtualMachines/az104-05-vm-2",
            "identity": [],
            "license_type": null,
            "location": "westus",
            "name": "az104-05-vm-2",
            "network_interface_ids": [
              "/subscriptions/76b69a8b-4e03-4cfd-8ee5-fcb614839f69/resourceGroups/az104-05-rg2/providers/Microsoft.Network/networkInterfaces/az104-05-nic2"
            ],
            "os_profile": [
              {
                "admin_password": "",
                "admin_username": "TestAdmin",
                "computer_name": "vm2",
                "custom_data": ""
              }
            ],
            "os_profile_linux_config": [],
            "os_profile_secrets": [],
            "os_profile_windows_config": [
              {
                "additional_unattend_config": [],
                "enable_automatic_upgrades": false,
                "provision_vm_agent": true,
                "timezone": "",
                "winrm": []
              }
            ],
            "plan": [],
            "primary_network_interface_id": null,
            "proximity_placement_group_id": null,
            "resource_group_name": "az104-05-rg2",
            "storage_data_disk": [],
            "storage_image_reference": [
              {
                "id": "",
                "offer": "WindowsServer",
                "publisher": "MicrosoftWindowsServer",
                "sku": "2022-Datacenter",
                "version": "latest"
              }
            ],
            "storage_os_disk": [
              {
                "caching": "ReadWrite",
                "create_option": "FromImage",
                "disk_size_gb": 127,
                "image_uri": "",
                "managed_disk_id": "/subscriptions/76b69a8b-4e03-4cfd-8ee5-fcb614839f69/resourceGroups/az104-05-rg2/providers/Microsoft.Compute/disks/az104-05-vm2-osdisk",
                "managed_disk_type": "Standard_LRS",
                "name": "az104-05-vm2-osdisk",
                "os_type": "Windows",
                "vhd_uri": "",
                "write_accelerator_enabled": false
              }
            ],
            "tags": {},
            "timeouts": null,
            "vm_size": "Standard_B1s",
            "zones": []
          },
          "sensitive_attributes": [
            [
              {
                "type": "get_attr",
                "value": "os_profile"
              }
            ]
          ],
          "identity_schema_version": 0,
          "private": "eyJlMmJmYjczMC1lY2FhLTExZTYtOGY4OC0zNDM2M2JjN2M0YzAiOnsiY3JlYXRlIjozNjAwMDAwMDAwMDAwLCJkZWxldGUiOjM2MDAwMDAwMDAwMDAsInJlYWQiOjMwMDAwMDAwMDAwMCwidXBkYXRlIjozNjAwMDAwMDAwMDAwfX0=",
          "dependencies": [
            "azurerm_network_interface.nic2",
            "azurerm_public_ip.pip2",
            "azurerm_resource_group.rg2",
            "azurerm_subnet.subnet2",
            "azurerm_virtual_network.vnet2"
          ]
        }
      ]
    },
    {
      "mode": "managed",
      "type": "azurerm_virtual_network",
      "name": "vnet1",
      "provider": "provider[\"registry.terraform.io/hashicorp/azurerm\"]",
      "instances": [
        {
          "schema_version": 0,
          "attributes": {
            "address_space": [
              "10.50.0.0/16"
            ],
            "bgp_community": "",
            "ddos_protection_plan": [],
            "dns_servers": [],
            "edge_zone": "",
            "encryption": [],
            "flow_timeout_in_minutes": 0,
            "guid": "a3f0557f-bc51-4221-b75f-cdc50810b3d1",
            "id": "/subscriptions/76b69a8b-4e03-4cfd-8ee5-fcb614839f69/resourceGroups/az104-05-rg1/providers/Microsoft.Network/virtualNetworks/az104-05-vnet1",
            "location": "westeurope",
            "name": "az104-05-vnet1",
            "resource_group_name": "az104-05-rg1",
            "subnet": [
              {
                "address_prefix": "10.50.0.0/24",
                "id": "/subscriptions/76b69a8b-4e03-4cfd-8ee5-fcb614839f69/resourceGroups/az104-05-rg1/providers/Microsoft.Network/virtualNetworks/az104-05-vnet1/subnets/subnet-0",
                "name": "subnet-0",
                "security_group": "/subscriptions/76b69a8b-4e03-4cfd-8ee5-fcb614839f69/resourceGroups/az104-05-rg1/providers/Microsoft.Network/networkSecurityGroups/az104-05-nsg1"
              }
            ],
            "tags": {},
            "timeouts": null
          },
          "sensitive_attributes": [],
          "identity_schema_version": 0,
          "private": "eyJlMmJmYjczMC1lY2FhLTExZTYtOGY4OC0zNDM2M2JjN2M0YzAiOnsiY3JlYXRlIjoxODAwMDAwMDAwMDAwLCJkZWxldGUiOjE4MDAwMDAwMDAwMDAsInJlYWQiOjMwMDAwMDAwMDAwMCwidXBkYXRlIjoxODAwMDAwMDAwMDAwfX0=",
          "dependencies": [
            "azurerm_resource_group.rg1"
          ]
        }
      ]
    },
    {
      "mode": "managed",
      "type": "azurerm_virtual_network",
      "name": "vnet2",
      "provider": "provider[\"registry.terraform.io/hashicorp/azurerm\"]",
      "instances": [
        {
          "schema_version": 0,
          "attributes": {
            "address_space": [
              "10.51.0.0/16"
            ],
            "bgp_community": "",
            "ddos_protection_plan": [],
            "dns_servers": [],
            "edge_zone": "",
            "encryption": [],
            "flow_timeout_in_minutes": 0,
            "guid": "3bdbfe47-4005-4da6-a786-6e2bce61bdc2",
            "id": "/subscriptions/76b69a8b-4e03-4cfd-8ee5-fcb614839f69/resourceGroups/az104-05-rg2/providers/Microsoft.Network/virtualNetworks/az104-05-vnet2",
            "location": "westus",
            "name": "az104-05-vnet2",
            "resource_group_name": "az104-05-rg2",
            "subnet": [
              {
                "address_prefix": "10.51.0.0/24",
                "id": "/subscriptions/76b69a8b-4e03-4cfd-8ee5-fcb614839f69/resourceGroups/az104-05-rg2/providers/Microsoft.Network/virtualNetworks/az104-05-vnet2/subnets/subnet-0",
                "name": "subnet-0",
                "security_group": "/subscriptions/76b69a8b-4e03-4cfd-8ee5-fcb614839f69/resourceGroups/az104-05-rg2/providers/Microsoft.Network/networkSecurityGroups/az104-05-nsg2"
              }
            ],
            "tags": {},
            "timeouts": null
          },
          "sensitive_attributes": [],
          "identity_schema_version": 0,
          "private": "eyJlMmJmYjczMC1lY2FhLTExZTYtOGY4OC0zNDM2M2JjN2M0YzAiOnsiY3JlYXRlIjoxODAwMDAwMDAwMDAwLCJkZWxldGUiOjE4MDAwMDAwMDAwMDAsInJlYWQiOjMwMDAwMDAwMDAwMCwidXBkYXRlIjoxODAwMDAwMDAwMDAwfX0=",
          "dependencies": [
            "azurerm_resource_group.rg2"
          ]
        }
      ]
    },
    {
      "mode": "managed",
      "type": "azurerm_virtual_network_peering",
      "name": "peering1_to_2",
      "provider": "provider[\"registry.terraform.io/hashicorp/azurerm\"]",
      "instances": [
        {
          "schema_version": 0,
          "attributes": {
            "allow_forwarded_traffic": true,
            "allow_gateway_transit": false,
            "allow_virtual_network_access": true,
            "id": "/subscriptions/76b69a8b-4e03-4cfd-8ee5-fcb614839f69/resourceGroups/az104-05-rg1/providers/Microsoft.Network/virtualNetworks/az104-05-vnet1/virtualNetworkPeerings/peering-vnet1-to-vnet2",
            "local_subnet_names": [],
            "name": "peering-vnet1-to-vnet2",
            "only_ipv6_peering_enabled": false,
            "peer_complete_virtual_networks_enabled": true,
            "remote_subnet_names": [],
            "remote_virtual_network_id": "/subscriptions/76b69a8b-4e03-4cfd-8ee5-fcb614839f69/resourceGroups/az104-05-rg2/providers/Microsoft.Network/virtualNetworks/az104-05-vnet2",
            "resource_group_name": "az104-05-rg1",
            "timeouts": null,
            "triggers": null,
            "use_remote_gateways": false,
            "virtual_network_name": "az104-05-vnet1"
          },
          "sensitive_attributes": [],
          "identity_schema_version": 0,
          "private": "eyJlMmJmYjczMC1lY2FhLTExZTYtOGY4OC0zNDM2M2JjN2M0YzAiOnsiY3JlYXRlIjoxODAwMDAwMDAwMDAwLCJkZWxldGUiOjE4MDAwMDAwMDAwMDAsInJlYWQiOjMwMDAwMDAwMDAwMCwidXBkYXRlIjoxODAwMDAwMDAwMDAwfX0=",
          "dependencies": [
            "azurerm_resource_group.rg1",
            "azurerm_resource_group.rg2",
            "azurerm_virtual_network.vnet1",
            "azurerm_virtual_network.vnet2"
          ]
        }
      ]
    },
    {
      "mode": "managed",
      "type": "azurerm_virtual_network_peering",
      "name": "peering2_to_1",
      "provider": "provider[\"registry.terraform.io/hashicorp/azurerm\"]",
      "instances": [
        {
          "schema_version": 0,
          "attributes": {
            "allow_forwarded_traffic": true,
            "allow_gateway_transit": false,
            "allow_virtual_network_access": true,
            "id": "/subscriptions/76b69a8b-4e03-4cfd-8ee5-fcb614839f69/resourceGroups/az104-05-rg2/providers/Microsoft.Network/virtualNetworks/az104-05-vnet2/virtualNetworkPeerings/peering-vnet2-to-vnet1",
            "local_subnet_names": [],
            "name": "peering-vnet2-to-vnet1",
            "only_ipv6_peering_enabled": false,
            "peer_complete_virtual_networks_enabled": true,
            "remote_subnet_names": [],
            "remote_virtual_network_id": "/subscriptions/76b69a8b-4e03-4cfd-8ee5-fcb614839f69/resourceGroups/az104-05-rg1/providers/Microsoft.Network/virtualNetworks/az104-05-vnet1",
            "resource_group_name": "az104-05-rg2",
            "timeouts": null,
            "triggers": null,
            "use_remote_gateways": false,
            "virtual_network_name": "az104-05-vnet2"
          },
          "sensitive_attributes": [],
          "identity_schema_version": 0,
          "private": "eyJlMmJmYjczMC1lY2FhLTExZTYtOGY4OC0zNDM2M2JjN2M0YzAiOnsiY3JlYXRlIjoxODAwMDAwMDAwMDAwLCJkZWxldGUiOjE4MDAwMDAwMDAwMDAsInJlYWQiOjMwMDAwMDAwMDAwMCwidXBkYXRlIjoxODAwMDAwMDAwMDAwfX0=",
          "dependencies": [
            "azurerm_resource_group.rg1",
            "azurerm_resource_group.rg2",
            "azurerm_virtual_network.vnet1",
            "azurerm_virtual_network.vnet2"
          ]
        }
      ]
    }
  ],
  "check_results": null
}
